
Microsoft Visual Studio Solution File, Format Version 12.00
# Visual Studio Version 17
VisualStudioVersion = 17.14.36212.18 d17.14
MinimumVisualStudioVersion = 10.0.40219.1
Project("{FAE04EC0-301F-11D3-BF4B-00C04F79EFBC}") = "ECSNetServer", "ECSNetServer.csproj", "{24B02B2D-6024-EA1A-382B-CAB7F0E40906}"
EndProject
Global
	GlobalSection(SolutionConfigurationPlatforms) = preSolution
		Debug|Any CPU = Debug|Any CPU
		Release|Any CPU = Release|Any CPU
	EndGlobalSection
	GlobalSection(ProjectConfigurationPlatforms) = postSolution
		{24B02B2D-6024-EA1A-382B-CAB7F0E40906}.Debug|Any CPU.ActiveCfg = Debug|Any CPU
		{24B02B2D-6024-EA1A-382B-CAB7F0E40906}.Debug|Any CPU.Build.0 = Debug|Any CPU
		{24B02B2D-6024-EA1A-382B-CAB7F0E40906}.Release|Any CPU.ActiveCfg = Release|Any CPU
		{24B02B2D-6024-EA1A-382B-CAB7F0E40906}.Release|Any CPU.Build.0 = Release|Any CPU
	EndGlobalSection
	GlobalSection(SolutionProperties) = preSolution
		HideSolutionNode = FALSE
	EndGlobalSection
	GlobalSection(ExtensibilityGlobals) = postSolution
		SolutionGuid = {8909C415-57E4-4875-86A4-07BB94E3EEEB}
	EndGlobalSection
EndGlobal
