Microsoft Visual Studio Solution File, Format Version 12.00
# Visual Studio Version 17
VisualStudioVersion = 17.8.34330.188
MinimumVisualStudioVersion = 10.0.40219.1
Project("{2150E333-8FDC-42A3-9474-1A3956D46DE8}") = "src", "src", "{5899C973-BF96-2063-6287-530FFBCA69DF}"
EndProject
Project("{9A19103F-16F7-4668-BE54-9A1E7A4F7556}") = "AsyncAwaitLab.Common", "src\Common\AsyncAwaitLab.Common.csproj", "{3BF9796C-9B6E-708B-1674-39E5142CF616}"
EndProject
Project("{9A19103F-16F7-4668-BE54-9A1E7A4F7556}") = "Chapter01", "src\Chapter01\Chapter01.csproj", "{168A7F37-8234-D0AF-A9ED-DAB886BBED24}"
EndProject
Project("{9A19103F-16F7-4668-BE54-9A1E7A4F7556}") = "Chapter02", "src\Chapter02\Chapter02.csproj", "{4E478002-C6FC-225D-1BA9-2430149B76AD}"
EndProject
Project("{9A19103F-16F7-4668-BE54-9A1E7A4F7556}") = "Chapter03", "src\Chapter03\Chapter03.csproj", "{39AC0562-F906-30A4-E007-172DE27F8CCE}"
EndProject
Project("{9A19103F-16F7-4668-BE54-9A1E7A4F7556}") = "Chapter04", "src\Chapter04\Chapter04.csproj", "{BED26372-E030-F9A0-9697-863FE3C04795}"
EndProject
Project("{9A19103F-16F7-4668-BE54-9A1E7A4F7556}") = "Chapter05", "src\Chapter05\Chapter05.csproj", "{6D3BB50D-EB79-2A0D-751F-4822626AB1B4}"
EndProject
Project("{9A19103F-16F7-4668-BE54-9A1E7A4F7556}") = "Chapter06", "src\Chapter06\Chapter06.csproj", "{DC633869-7B3C-C4F2-4C14-E5248EFBB0DB}"
EndProject
Project("{9A19103F-16F7-4668-BE54-9A1E7A4F7556}") = "Chapter07", "src\Chapter07\Chapter07.csproj", "{332F48F4-7EFB-77FE-A704-879843A8DE51}"
EndProject
Project("{9A19103F-16F7-4668-BE54-9A1E7A4F7556}") = "Chapter08", "src\Chapter08\Chapter08.csproj", "{9A79FBFA-DBF8-7999-8A3B-E2DDAD9CE0EE}"
EndProject
Project("{9A19103F-16F7-4668-BE54-9A1E7A4F7556}") = "Chapter09", "src\Chapter09\Chapter09.csproj", "{575FF742-4AB3-3949-14B6-3753814717B4}"
EndProject
Project("{9A19103F-16F7-4668-BE54-9A1E7A4F7556}") = "Chapter10", "src\Chapter10\Chapter10.csproj", "{79D11B87-FB53-7D7A-EA74-AF5E133EBA89}"
EndProject
Project("{9A19103F-16F7-4668-BE54-9A1E7A4F7556}") = "Chapter11", "src\Chapter11\Chapter11.csproj", "{C50B8A3C-3937-C996-86CC-DEC0E2BE9A66}"
EndProject
Project("{9A19103F-16F7-4668-BE54-9A1E7A4F7556}") = "Chapter12", "src\Chapter12\Chapter12.csproj", "{4937ADCF-9AEB-FD0A-D940-89B526EDFF55}"
EndProject
Project("{9A19103F-16F7-4668-BE54-9A1E7A4F7556}") = "Chapter13", "src\Chapter13\Chapter13.csproj", "{99391A88-54E5-7DD8-9140-C7E8BBDB770E}"
EndProject
Project("{9A19103F-16F7-4668-BE54-9A1E7A4F7556}") = "Chapter14", "src\Chapter14\Chapter14.csproj", "{52BE3C35-A7E7-5B74-FCB2-962FF297AA53}"
EndProject
Project("{9A19103F-16F7-4668-BE54-9A1E7A4F7556}") = "Chapter15", "src\Chapter15\Chapter15.csproj", "{512D9554-3A98-4858-6F7B-849F124FB141}"
EndProject
Project("{9A19103F-16F7-4668-BE54-9A1E7A4F7556}") = "Chapter16", "src\Chapter16\Chapter16.csproj", "{A059E8F8-E1F4-DDEC-68A2-958FD0230A77}"
EndProject
Project("{9A19103F-16F7-4668-BE54-9A1E7A4F7556}") = "Chapter17", "src\Chapter17\Chapter17.csproj", "{34934384-7CBF-60A1-3142-9F1F2846B9DD}"
EndProject
Project("{9A19103F-16F7-4668-BE54-9A1E7A4F7556}") = "Chapter18", "src\Chapter18\Chapter18.csproj", "{D4D51071-0D77-B535-1F01-E12158BBE193}"
EndProject
Project("{9A19103F-16F7-4668-BE54-9A1E7A4F7556}") = "Chapter19", "src\Chapter19\Chapter19.csproj", "{D64740B8-064F-4E8B-1523-A8BE14012A1B}"
EndProject
Project("{9A19103F-16F7-4668-BE54-9A1E7A4F7556}") = "Chapter20", "src\Chapter20\Chapter20.csproj", "{A3C7242A-D7B4-E469-9AB1-939665CCA6A1}"
EndProject
Global
	GlobalSection(SolutionConfigurationPlatforms) = preSolution
		Debug|Any CPU = Debug|Any CPU
		Release|Any CPU = Release|Any CPU
	EndGlobalSection
	GlobalSection(ProjectConfigurationPlatforms) = postSolution
		{3BF9796C-9B6E-708B-1674-39E5142CF616}.Debug|Any CPU.ActiveCfg = Debug|Any CPU
		{3BF9796C-9B6E-708B-1674-39E5142CF616}.Debug|Any CPU.Build.0 = Debug|Any CPU
		{3BF9796C-9B6E-708B-1674-39E5142CF616}.Release|Any CPU.ActiveCfg = Release|Any CPU
		{3BF9796C-9B6E-708B-1674-39E5142CF616}.Release|Any CPU.Build.0 = Release|Any CPU
		{575FF742-4AB3-3949-14B6-3753814717B4}.Debug|Any CPU.ActiveCfg = Debug|Any CPU
		{575FF742-4AB3-3949-14B6-3753814717B4}.Debug|Any CPU.Build.0 = Debug|Any CPU
		{575FF742-4AB3-3949-14B6-3753814717B4}.Release|Any CPU.ActiveCfg = Release|Any CPU
		{575FF742-4AB3-3949-14B6-3753814717B4}.Release|Any CPU.Build.0 = Release|Any CPU
		{9A79FBFA-DBF8-7999-8A3B-E2DDAD9CE0EE}.Debug|Any CPU.ActiveCfg = Debug|Any CPU
		{9A79FBFA-DBF8-7999-8A3B-E2DDAD9CE0EE}.Debug|Any CPU.Build.0 = Debug|Any CPU
		{9A79FBFA-DBF8-7999-8A3B-E2DDAD9CE0EE}.Release|Any CPU.ActiveCfg = Release|Any CPU
		{9A79FBFA-DBF8-7999-8A3B-E2DDAD9CE0EE}.Release|Any CPU.Build.0 = Release|Any CPU
		{6D3BB50D-EB79-2A0D-751F-4822626AB1B4}.Debug|Any CPU.ActiveCfg = Debug|Any CPU
		{6D3BB50D-EB79-2A0D-751F-4822626AB1B4}.Debug|Any CPU.Build.0 = Debug|Any CPU
		{6D3BB50D-EB79-2A0D-751F-4822626AB1B4}.Release|Any CPU.ActiveCfg = Release|Any CPU
		{6D3BB50D-EB79-2A0D-751F-4822626AB1B4}.Release|Any CPU.Build.0 = Release|Any CPU
		{BED26372-E030-F9A0-9697-863FE3C04795}.Debug|Any CPU.ActiveCfg = Debug|Any CPU
		{BED26372-E030-F9A0-9697-863FE3C04795}.Debug|Any CPU.Build.0 = Debug|Any CPU
		{BED26372-E030-F9A0-9697-863FE3C04795}.Release|Any CPU.ActiveCfg = Release|Any CPU
		{BED26372-E030-F9A0-9697-863FE3C04795}.Release|Any CPU.Build.0 = Release|Any CPU
		{332F48F4-7EFB-77FE-A704-879843A8DE51}.Debug|Any CPU.ActiveCfg = Debug|Any CPU
		{332F48F4-7EFB-77FE-A704-879843A8DE51}.Debug|Any CPU.Build.0 = Debug|Any CPU
		{332F48F4-7EFB-77FE-A704-879843A8DE51}.Release|Any CPU.ActiveCfg = Release|Any CPU
		{332F48F4-7EFB-77FE-A704-879843A8DE51}.Release|Any CPU.Build.0 = Release|Any CPU
		{DC633869-7B3C-C4F2-4C14-E5248EFBB0DB}.Debug|Any CPU.ActiveCfg = Debug|Any CPU
		{DC633869-7B3C-C4F2-4C14-E5248EFBB0DB}.Debug|Any CPU.Build.0 = Debug|Any CPU
		{DC633869-7B3C-C4F2-4C14-E5248EFBB0DB}.Release|Any CPU.ActiveCfg = Release|Any CPU
		{DC633869-7B3C-C4F2-4C14-E5248EFBB0DB}.Release|Any CPU.Build.0 = Release|Any CPU
		{168A7F37-8234-D0AF-A9ED-DAB886BBED24}.Debug|Any CPU.ActiveCfg = Debug|Any CPU
		{168A7F37-8234-D0AF-A9ED-DAB886BBED24}.Debug|Any CPU.Build.0 = Debug|Any CPU
		{168A7F37-8234-D0AF-A9ED-DAB886BBED24}.Release|Any CPU.ActiveCfg = Release|Any CPU
		{168A7F37-8234-D0AF-A9ED-DAB886BBED24}.Release|Any CPU.Build.0 = Release|Any CPU
		{39AC0562-F906-30A4-E007-172DE27F8CCE}.Debug|Any CPU.ActiveCfg = Debug|Any CPU
		{39AC0562-F906-30A4-E007-172DE27F8CCE}.Debug|Any CPU.Build.0 = Debug|Any CPU
		{39AC0562-F906-30A4-E007-172DE27F8CCE}.Release|Any CPU.ActiveCfg = Release|Any CPU
		{39AC0562-F906-30A4-E007-172DE27F8CCE}.Release|Any CPU.Build.0 = Release|Any CPU
		{4E478002-C6FC-225D-1BA9-2430149B76AD}.Debug|Any CPU.ActiveCfg = Debug|Any CPU
		{4E478002-C6FC-225D-1BA9-2430149B76AD}.Debug|Any CPU.Build.0 = Debug|Any CPU
		{4E478002-C6FC-225D-1BA9-2430149B76AD}.Release|Any CPU.ActiveCfg = Release|Any CPU
		{4E478002-C6FC-225D-1BA9-2430149B76AD}.Release|Any CPU.Build.0 = Release|Any CPU
		{A3C7242A-D7B4-E469-9AB1-939665CCA6A1}.Debug|Any CPU.ActiveCfg = Debug|Any CPU
		{A3C7242A-D7B4-E469-9AB1-939665CCA6A1}.Debug|Any CPU.Build.0 = Debug|Any CPU
		{A3C7242A-D7B4-E469-9AB1-939665CCA6A1}.Release|Any CPU.ActiveCfg = Release|Any CPU
		{A3C7242A-D7B4-E469-9AB1-939665CCA6A1}.Release|Any CPU.Build.0 = Release|Any CPU
		{D4D51071-0D77-B535-1F01-E12158BBE193}.Debug|Any CPU.ActiveCfg = Debug|Any CPU
		{D4D51071-0D77-B535-1F01-E12158BBE193}.Debug|Any CPU.Build.0 = Debug|Any CPU
		{D4D51071-0D77-B535-1F01-E12158BBE193}.Release|Any CPU.ActiveCfg = Release|Any CPU
		{D4D51071-0D77-B535-1F01-E12158BBE193}.Release|Any CPU.Build.0 = Release|Any CPU
		{D64740B8-064F-4E8B-1523-A8BE14012A1B}.Debug|Any CPU.ActiveCfg = Debug|Any CPU
		{D64740B8-064F-4E8B-1523-A8BE14012A1B}.Debug|Any CPU.Build.0 = Debug|Any CPU
		{D64740B8-064F-4E8B-1523-A8BE14012A1B}.Release|Any CPU.ActiveCfg = Release|Any CPU
		{D64740B8-064F-4E8B-1523-A8BE14012A1B}.Release|Any CPU.Build.0 = Release|Any CPU
		{4937ADCF-9AEB-FD0A-D940-89B526EDFF55}.Debug|Any CPU.ActiveCfg = Debug|Any CPU
		{4937ADCF-9AEB-FD0A-D940-89B526EDFF55}.Debug|Any CPU.Build.0 = Debug|Any CPU
		{4937ADCF-9AEB-FD0A-D940-89B526EDFF55}.Release|Any CPU.ActiveCfg = Release|Any CPU
		{4937ADCF-9AEB-FD0A-D940-89B526EDFF55}.Release|Any CPU.Build.0 = Release|Any CPU
		{99391A88-54E5-7DD8-9140-C7E8BBDB770E}.Debug|Any CPU.ActiveCfg = Debug|Any CPU
		{99391A88-54E5-7DD8-9140-C7E8BBDB770E}.Debug|Any CPU.Build.0 = Debug|Any CPU
		{99391A88-54E5-7DD8-9140-C7E8BBDB770E}.Release|Any CPU.ActiveCfg = Release|Any CPU
		{99391A88-54E5-7DD8-9140-C7E8BBDB770E}.Release|Any CPU.Build.0 = Release|Any CPU
		{79D11B87-FB53-7D7A-EA74-AF5E133EBA89}.Debug|Any CPU.ActiveCfg = Debug|Any CPU
		{79D11B87-FB53-7D7A-EA74-AF5E133EBA89}.Debug|Any CPU.Build.0 = Debug|Any CPU
		{79D11B87-FB53-7D7A-EA74-AF5E133EBA89}.Release|Any CPU.ActiveCfg = Release|Any CPU
		{79D11B87-FB53-7D7A-EA74-AF5E133EBA89}.Release|Any CPU.Build.0 = Release|Any CPU
		{C50B8A3C-3937-C996-86CC-DEC0E2BE9A66}.Debug|Any CPU.ActiveCfg = Debug|Any CPU
		{C50B8A3C-3937-C996-86CC-DEC0E2BE9A66}.Debug|Any CPU.Build.0 = Debug|Any CPU
		{C50B8A3C-3937-C996-86CC-DEC0E2BE9A66}.Release|Any CPU.ActiveCfg = Release|Any CPU
		{C50B8A3C-3937-C996-86CC-DEC0E2BE9A66}.Release|Any CPU.Build.0 = Release|Any CPU
		{A059E8F8-E1F4-DDEC-68A2-958FD0230A77}.Debug|Any CPU.ActiveCfg = Debug|Any CPU
		{A059E8F8-E1F4-DDEC-68A2-958FD0230A77}.Debug|Any CPU.Build.0 = Debug|Any CPU
		{A059E8F8-E1F4-DDEC-68A2-958FD0230A77}.Release|Any CPU.ActiveCfg = Release|Any CPU
		{A059E8F8-E1F4-DDEC-68A2-958FD0230A77}.Release|Any CPU.Build.0 = Release|Any CPU
		{34934384-7CBF-60A1-3142-9F1F2846B9DD}.Debug|Any CPU.ActiveCfg = Debug|Any CPU
		{34934384-7CBF-60A1-3142-9F1F2846B9DD}.Debug|Any CPU.Build.0 = Debug|Any CPU
		{34934384-7CBF-60A1-3142-9F1F2846B9DD}.Release|Any CPU.ActiveCfg = Release|Any CPU
		{34934384-7CBF-60A1-3142-9F1F2846B9DD}.Release|Any CPU.Build.0 = Release|Any CPU
		{52BE3C35-A7E7-5B74-FCB2-962FF297AA53}.Debug|Any CPU.ActiveCfg = Debug|Any CPU
		{52BE3C35-A7E7-5B74-FCB2-962FF297AA53}.Debug|Any CPU.Build.0 = Debug|Any CPU
		{52BE3C35-A7E7-5B74-FCB2-962FF297AA53}.Release|Any CPU.ActiveCfg = Release|Any CPU
		{52BE3C35-A7E7-5B74-FCB2-962FF297AA53}.Release|Any CPU.Build.0 = Release|Any CPU
		{512D9554-3A98-4858-6F7B-849F124FB141}.Debug|Any CPU.ActiveCfg = Debug|Any CPU
		{512D9554-3A98-4858-6F7B-849F124FB141}.Debug|Any CPU.Build.0 = Debug|Any CPU
		{512D9554-3A98-4858-6F7B-849F124FB141}.Release|Any CPU.ActiveCfg = Release|Any CPU
		{512D9554-3A98-4858-6F7B-849F124FB141}.Release|Any CPU.Build.0 = Release|Any CPU
	EndGlobalSection
	GlobalSection(NestedProjects) = preSolution
		{3BF9796C-9B6E-708B-1674-39E5142CF616} = {5899C973-BF96-2063-6287-530FFBCA69DF}
		{168A7F37-8234-D0AF-A9ED-DAB886BBED24} = {5899C973-BF96-2063-6287-530FFBCA69DF}
		{4E478002-C6FC-225D-1BA9-2430149B76AD} = {5899C973-BF96-2063-6287-530FFBCA69DF}
		{39AC0562-F906-30A4-E007-172DE27F8CCE} = {5899C973-BF96-2063-6287-530FFBCA69DF}
		{BED26372-E030-F9A0-9697-863FE3C04795} = {5899C973-BF96-2063-6287-530FFBCA69DF}
		{6D3BB50D-EB79-2A0D-751F-4822626AB1B4} = {5899C973-BF96-2063-6287-530FFBCA69DF}
		{DC633869-7B3C-C4F2-4C14-E5248EFBB0DB} = {5899C973-BF96-2063-6287-530FFBCA69DF}
		{332F48F4-7EFB-77FE-A704-879843A8DE51} = {5899C973-BF96-2063-6287-530FFBCA69DF}
		{9A79FBFA-DBF8-7999-8A3B-E2DDAD9CE0EE} = {5899C973-BF96-2063-6287-530FFBCA69DF}
		{575FF742-4AB3-3949-14B6-3753814717B4} = {5899C973-BF96-2063-6287-530FFBCA69DF}
		{79D11B87-FB53-7D7A-EA74-AF5E133EBA89} = {5899C973-BF96-2063-6287-530FFBCA69DF}
		{C50B8A3C-3937-C996-86CC-DEC0E2BE9A66} = {5899C973-BF96-2063-6287-530FFBCA69DF}
		{4937ADCF-9AEB-FD0A-D940-89B526EDFF55} = {5899C973-BF96-2063-6287-530FFBCA69DF}
		{99391A88-54E5-7DD8-9140-C7E8BBDB770E} = {5899C973-BF96-2063-6287-530FFBCA69DF}
		{52BE3C35-A7E7-5B74-FCB2-962FF297AA53} = {5899C973-BF96-2063-6287-530FFBCA69DF}
		{512D9554-3A98-4858-6F7B-849F124FB141} = {5899C973-BF96-2063-6287-530FFBCA69DF}
		{A059E8F8-E1F4-DDEC-68A2-958FD0230A77} = {5899C973-BF96-2063-6287-530FFBCA69DF}
		{34934384-7CBF-60A1-3142-9F1F2846B9DD} = {5899C973-BF96-2063-6287-530FFBCA69DF}
		{D4D51071-0D77-B535-1F01-E12158BBE193} = {5899C973-BF96-2063-6287-530FFBCA69DF}
		{D64740B8-064F-4E8B-1523-A8BE14012A1B} = {5899C973-BF96-2063-6287-530FFBCA69DF}
		{A3C7242A-D7B4-E469-9AB1-939665CCA6A1} = {5899C973-BF96-2063-6287-530FFBCA69DF}
	EndGlobalSection
	GlobalSection(SolutionProperties) = preSolution
		HideSolutionNode = FALSE
	EndGlobalSection
	GlobalSection(ExtensibilityGlobals) = postSolution
		SolutionGuid = {CFCA2E6F-C752-D75A-AAA2-6062B6CD7EF0}
	EndGlobalSection
EndGlobal
